
Microsoft Visual Studio Solution File, Format Version 12.00
# Visual Studio Version 17
VisualStudioVersion = 17.14.36915.13 d17.14
MinimumVisualStudioVersion = 10.0.40219.1
Project("{FAE04EC0-301F-11D3-BF4B-00C04F79EFBC}") = "0225", "0225.csproj", "{A75CCD35-CB1E-43B8-A555-4F3FDAF7C896}"
EndProject
Global
	GlobalSection(SolutionConfigurationPlatforms) = preSolution
		Debug|Any CPU = Debug|Any CPU
		Release|Any CPU = Release|Any CPU
	EndGlobalSection
	GlobalSection(ProjectConfigurationPlatforms) = postSolution
		{A75CCD35-CB1E-43B8-A555-4F3FDAF7C896}.Debug|Any CPU.ActiveCfg = Debug|Any CPU
		{A75CCD35-CB1E-43B8-A555-4F3FDAF7C896}.Debug|Any CPU.Build.0 = Debug|Any CPU
		{A75CCD35-CB1E-43B8-A555-4F3FDAF7C896}.Release|Any CPU.ActiveCfg = Release|Any CPU
		{A75CCD35-CB1E-43B8-A555-4F3FDAF7C896}.Release|Any CPU.Build.0 = Release|Any CPU
	EndGlobalSection
	GlobalSection(SolutionProperties) = preSolution
		HideSolutionNode = FALSE
	EndGlobalSection
	GlobalSection(ExtensibilityGlobals) = postSolution
		SolutionGuid = {F531C7FB-24A0-4E24-99E5-93C2536A6AE3}
	EndGlobalSection
EndGlobal
